{
  "name": "deep-copy-all",
  "version": "1.1.1",
  "lockfileVersion": 1,
  "requires": true,
  "dependencies": {
    "clone": {
      "version": "2.1.2",
      "resolved": "https://registry.npmjs.org/clone/-/clone-2.1.2.tgz",
      "integrity": "sha1-G39Ln1kfHo+DZwQBYANFoCiHQ18=",
      "dev": true
    },
    "cloneextend": {
      "version": "0.0.3",
      "resolved": "https://registry.npmjs.org/cloneextend/-/cloneextend-0.0.3.tgz",
      "integrity": "sha1-3wYpykhFMWr9iEzxthoM30sSn3k=",
      "dev": true
    },
    "deep-copy": {
      "version": "1.4.2",
      "resolved": "https://registry.npmjs.org/deep-copy/-/deep-copy-1.4.2.tgz",
      "integrity": "sha512-VxZwQ/1+WGQPl5nE67uLhh7OqdrmqI1OazrraO9Bbw/M8Bt6Mol/RxzDA6N6ZgRXpsG/W9PgUj8E1LHHBEq2GQ==",
      "dev": true
    },
    "deepcopy": {
      "version": "2.0.0",
      "resolved": "https://registry.npmjs.org/deepcopy/-/deepcopy-2.0.0.tgz",
      "integrity": "sha512-d5ZK7pJw7F3k6M5vqDjGiiUS9xliIyWkdzBjnPhnSeRGjkYOGZMCFkdKVwV/WiHOe0NwzB8q+iDo7afvSf0arA==",
      "dev": true,
      "requires": {
        "type-detect": "^4.0.8"
      }
    },
    "type-detect": {
      "version": "4.0.8",
      "resolved": "https://registry.npmjs.org/type-detect/-/type-detect-4.0.8.tgz",
      "integrity": "sha512-0fr/mIH1dlO+x7TlcMy+bIDqKPsw/70tVyeHW787goQjhmqaZe10uwLujubK9q9Lg6Fiho1KUKDYz0Z7k7g5/g==",
      "dev": true
    }
  }
}
